
Microsoft Visual Studio Solution File, Format Version 12.00
# Visual Studio Version 16
VisualStudioVersion = 16.0.29306.81
MinimumVisualStudioVersion = 10.0.40219.1
Project("{9A19103F-16F7-4668-BE54-9A1E7A4F7556}") = "SubstitutionCipher", "SubstitutionCipher\SubstitutionCipher.csproj", "{A7EA48F5-7BCD-46D5-8AC1-C106832661A0}"
EndProject
Project("{FAE04EC0-301F-11D3-BF4B-00C04F79EFBC}") = "UnitTest", "UnitTest\UnitTest.csproj", "{C6AE4407-B427-44AC-9B1E-B6C3E63922BC}"
EndProject
Global
	GlobalSection(SolutionConfigurationPlatforms) = preSolution
		Debug|Any CPU = Debug|Any CPU
		Release|Any CPU = Release|Any CPU
	EndGlobalSection
	GlobalSection(ProjectConfigurationPlatforms) = postSolution
		{A7EA48F5-7BCD-46D5-8AC1-C106832661A0}.Debug|Any CPU.ActiveCfg = Debug|Any CPU
		{A7EA48F5-7BCD-46D5-8AC1-C106832661A0}.Debug|Any CPU.Build.0 = Debug|Any CPU
		{A7EA48F5-7BCD-46D5-8AC1-C106832661A0}.Release|Any CPU.ActiveCfg = Release|Any CPU
		{A7EA48F5-7BCD-46D5-8AC1-C106832661A0}.Release|Any CPU.Build.0 = Release|Any CPU
		{C6AE4407-B427-44AC-9B1E-B6C3E63922BC}.Debug|Any CPU.ActiveCfg = Debug|Any CPU
		{C6AE4407-B427-44AC-9B1E-B6C3E63922BC}.Debug|Any CPU.Build.0 = Debug|Any CPU
		{C6AE4407-B427-44AC-9B1E-B6C3E63922BC}.Release|Any CPU.ActiveCfg = Release|Any CPU
		{C6AE4407-B427-44AC-9B1E-B6C3E63922BC}.Release|Any CPU.Build.0 = Release|Any CPU
	EndGlobalSection
	GlobalSection(SolutionProperties) = preSolution
		HideSolutionNode = FALSE
	EndGlobalSection
	GlobalSection(ExtensibilityGlobals) = postSolution
		SolutionGuid = {BAF7D2D1-18B9-4B0C-BA3D-50F506F02342}
	EndGlobalSection
EndGlobal
